// !$*UTF8*$!
{
	archiveVersion = 1;
	classes = {
	};
	objectVersion = 56;
	objects = {

/* Begin PBXBuildFile section */
		DBCD19AC29E50B5A0061E615 /* IronHitApp.swift in Sources */ = {isa = PBXBuildFile; fileRef = DBCD19AB29E50B5A0061E615 /* IronHitApp.swift */; };
		DBCD19AE29E50B5A0061E615 /* ContentView.swift in Sources */ = {isa = PBXBuildFile; fileRef = DBCD19AD29E50B5A0061E615 /* ContentView.swift */; };
		DBCD19B029E50B5D0061E615 /* Assets.xcassets in Resources */ = {isa = PBXBuildFile; fileRef = DBCD19AF29E50B5D0061E615 /* Assets.xcassets */; };
		DBCD19B329E50B5D0061E615 /* Preview Assets.xcassets in Resources */ = {isa = PBXBuildFile; fileRef = DBCD19B229E50B5D0061E615 /* Preview Assets.xcassets */; };
		DBCD19BB29E50B7E0061E615 /* IronHit.xcdatamodeld in Sources */ = {isa = PBXBuildFile; fileRef = DBCD19B929E50B7E0061E615 /* IronHit.xcdatamodeld */; };
		DBCD19BD29E50BD30061E615 /* DataController.swift in Sources */ = {isa = PBXBuildFile; fileRef = DBCD19BC29E50BD30061E615 /* DataController.swift */; };
		DBCD19C029E713430061E615 /* ExerciseListScreen.swift in Sources */ = {isa = PBXBuildFile; fileRef = DBCD19BF29E713430061E615 /* ExerciseListScreen.swift */; };
		DBCD19C329E716A40061E615 /* Exercise+Wrapped.swift in Sources */ = {isa = PBXBuildFile; fileRef = DBCD19C229E716A40061E615 /* Exercise+Wrapped.swift */; };
		DBCD19C529E717300061E615 /* Tag+Wrapped.swift in Sources */ = {isa = PBXBuildFile; fileRef = DBCD19C429E717300061E615 /* Tag+Wrapped.swift */; };
		DBCD19C729E7217E0061E615 /* AddExerciseScreen.swift in Sources */ = {isa = PBXBuildFile; fileRef = DBCD19C629E7217E0061E615 /* AddExerciseScreen.swift */; };
		DBCD19CA29E7527B0061E615 /* TagsList.swift in Sources */ = {isa = PBXBuildFile; fileRef = DBCD19C929E7527B0061E615 /* TagsList.swift */; };
		DBCD19CC29E754350061E615 /* AddTagsScreen.swift in Sources */ = {isa = PBXBuildFile; fileRef = DBCD19CB29E754350061E615 /* AddTagsScreen.swift */; };
/* End PBXBuildFile section */

/* Begin PBXFileReference section */
		DBCD19A829E50B5A0061E615 /* IronHit.app */ = {isa = PBXFileReference; explicitFileType = wrapper.application; includeInIndex = 0; path = IronHit.app; sourceTree = BUILT_PRODUCTS_DIR; };
		DBCD19AB29E50B5A0061E615 /* IronHitApp.swift */ = {isa = PBXFileReference; lastKnownFileType = sourcecode.swift; path = IronHitApp.swift; sourceTree = "<group>"; };
		DBCD19AD29E50B5A0061E615 /* ContentView.swift */ = {isa = PBXFileReference; lastKnownFileType = sourcecode.swift; path = ContentView.swift; sourceTree = "<group>"; };
		DBCD19AF29E50B5D0061E615 /* Assets.xcassets */ = {isa = PBXFileReference; lastKnownFileType = folder.assetcatalog; path = Assets.xcassets; sourceTree = "<group>"; };
		DBCD19B229E50B5D0061E615 /* Preview Assets.xcassets */ = {isa = PBXFileReference; lastKnownFileType = folder.assetcatalog; path = "Preview Assets.xcassets"; sourceTree = "<group>"; };
		DBCD19BA29E50B7E0061E615 /* IronHit.xcdatamodel */ = {isa = PBXFileReference; lastKnownFileType = wrapper.xcdatamodel; path = IronHit.xcdatamodel; sourceTree = "<group>"; };
		DBCD19BC29E50BD30061E615 /* DataController.swift */ = {isa = PBXFileReference; lastKnownFileType = sourcecode.swift; path = DataController.swift; sourceTree = "<group>"; };
		DBCD19BF29E713430061E615 /* ExerciseListScreen.swift */ = {isa = PBXFileReference; lastKnownFileType = sourcecode.swift; path = ExerciseListScreen.swift; sourceTree = "<group>"; };
		DBCD19C229E716A40061E615 /* Exercise+Wrapped.swift */ = {isa = PBXFileReference; lastKnownFileType = sourcecode.swift; path = "Exercise+Wrapped.swift"; sourceTree = "<group>"; };
		DBCD19C429E717300061E615 /* Tag+Wrapped.swift */ = {isa = PBXFileReference; lastKnownFileType = sourcecode.swift; path = "Tag+Wrapped.swift"; sourceTree = "<group>"; };
		DBCD19C629E7217E0061E615 /* AddExerciseScreen.swift */ = {isa = PBXFileReference; lastKnownFileType = sourcecode.swift; path = AddExerciseScreen.swift; sourceTree = "<group>"; };
		DBCD19C929E7527B0061E615 /* TagsList.swift */ = {isa = PBXFileReference; lastKnownFileType = sourcecode.swift; path = TagsList.swift; sourceTree = "<group>"; };
		DBCD19CB29E754350061E615 /* AddTagsScreen.swift */ = {isa = PBXFileReference; lastKnownFileType = sourcecode.swift; path = AddTagsScreen.swift; sourceTree = "<group>"; };
/* End PBXFileReference section */

/* Begin PBXFrameworksBuildPhase section */
		DBCD19A529E50B5A0061E615 /* Frameworks */ = {
			isa = PBXFrameworksBuildPhase;
			buildActionMask = 2147483647;
			files = (
			);
			runOnlyForDeploymentPostprocessing = 0;
		};
/* End PBXFrameworksBuildPhase section */

/* Begin PBXGroup section */
		DBCD199F29E50B5A0061E615 = {
			isa = PBXGroup;
			children = (
				DBCD19AA29E50B5A0061E615 /* IronHit */,
				DBCD19A929E50B5A0061E615 /* Products */,
			);
			sourceTree = "<group>";
		};
		DBCD19A929E50B5A0061E615 /* Products */ = {
			isa = PBXGroup;
			children = (
				DBCD19A829E50B5A0061E615 /* IronHit.app */,
			);
			name = Products;
			sourceTree = "<group>";
		};
		DBCD19AA29E50B5A0061E615 /* IronHit */ = {
			isa = PBXGroup;
			children = (
				DBCD19C829E7525E0061E615 /* Components */,
				DBCD19C129E716690061E615 /* Models */,
				DBCD19BE29E7132A0061E615 /* Screens */,
				DBCD19AB29E50B5A0061E615 /* IronHitApp.swift */,
				DBCD19AD29E50B5A0061E615 /* ContentView.swift */,
				DBCD19B929E50B7E0061E615 /* IronHit.xcdatamodeld */,
				DBCD19BC29E50BD30061E615 /* DataController.swift */,
				DBCD19AF29E50B5D0061E615 /* Assets.xcassets */,
				DBCD19B129E50B5D0061E615 /* Preview Content */,
			);
			path = IronHit;
			sourceTree = "<group>";
		};
		DBCD19B129E50B5D0061E615 /* Preview Content */ = {
			isa = PBXGroup;
			children = (
				DBCD19B229E50B5D0061E615 /* Preview Assets.xcassets */,
			);
			path = "Preview Content";
			sourceTree = "<group>";
		};
		DBCD19BE29E7132A0061E615 /* Screens */ = {
			isa = PBXGroup;
			children = (
				DBCD19BF29E713430061E615 /* ExerciseListScreen.swift */,
				DBCD19C629E7217E0061E615 /* AddExerciseScreen.swift */,
				DBCD19CB29E754350061E615 /* AddTagsScreen.swift */,
			);
			path = Screens;
			sourceTree = "<group>";
		};
		DBCD19C129E716690061E615 /* Models */ = {
			isa = PBXGroup;
			children = (
				DBCD19C229E716A40061E615 /* Exercise+Wrapped.swift */,
				DBCD19C429E717300061E615 /* Tag+Wrapped.swift */,
			);
			path = Models;
			sourceTree = "<group>";
		};
		DBCD19C829E7525E0061E615 /* Components */ = {
			isa = PBXGroup;
			children = (
				DBCD19C929E7527B0061E615 /* TagsList.swift */,
			);
			path = Components;
			sourceTree = "<group>";
		};
/* End PBXGroup section */

/* Begin PBXNativeTarget section */
		DBCD19A729E50B5A0061E615 /* IronHit */ = {
			isa = PBXNativeTarget;
			buildConfigurationList = DBCD19B629E50B5D0061E615 /* Build configuration list for PBXNativeTarget "IronHit" */;
			buildPhases = (
				DBCD19A429E50B5A0061E615 /* Sources */,
				DBCD19A529E50B5A0061E615 /* Frameworks */,
				DBCD19A629E50B5A0061E615 /* Resources */,
			);
			buildRules = (
			);
			dependencies = (
			);
			name = IronHit;
			productName = IronHit;
			productReference = DBCD19A829E50B5A0061E615 /* IronHit.app */;
			productType = "com.apple.product-type.application";
		};
/* End PBXNativeTarget section */

/* Begin PBXProject section */
		DBCD19A029E50B5A0061E615 /* Project object */ = {
			isa = PBXProject;
			attributes = {
				BuildIndependentTargetsInParallel = 1;
				LastSwiftUpdateCheck = 1420;
				LastUpgradeCheck = 1420;
				TargetAttributes = {
					DBCD19A729E50B5A0061E615 = {
						CreatedOnToolsVersion = 14.2;
					};
				};
			};
			buildConfigurationList = DBCD19A329E50B5A0061E615 /* Build configuration list for PBXProject "IronHit" */;
			compatibilityVersion = "Xcode 14.0";
			developmentRegion = en;
			hasScannedForEncodings = 0;
			knownRegions = (
				en,
				Base,
			);
			mainGroup = DBCD199F29E50B5A0061E615;
			productRefGroup = DBCD19A929E50B5A0061E615 /* Products */;
			projectDirPath = "";
			projectRoot = "";
			targets = (
				DBCD19A729E50B5A0061E615 /* IronHit */,
			);
		};
/* End PBXProject section */

/* Begin PBXResourcesBuildPhase section */
		DBCD19A629E50B5A0061E615 /* Resources */ = {
			isa = PBXResourcesBuildPhase;
			buildActionMask = 2147483647;
			files = (
				DBCD19B329E50B5D0061E615 /* Preview Assets.xcassets in Resources */,
				DBCD19B029E50B5D0061E615 /* Assets.xcassets in Resources */,
			);
			runOnlyForDeploymentPostprocessing = 0;
		};
/* End PBXResourcesBuildPhase section */

/* Begin PBXSourcesBuildPhase section */
		DBCD19A429E50B5A0061E615 /* Sources */ = {
			isa = PBXSourcesBuildPhase;
			buildActionMask = 2147483647;
			files = (
				DBCD19BB29E50B7E0061E615 /* IronHit.xcdatamodeld in Sources */,
				DBCD19C329E716A40061E615 /* Exercise+Wrapped.swift in Sources */,
				DBCD19CA29E7527B0061E615 /* TagsList.swift in Sources */,
				DBCD19C529E717300061E615 /* Tag+Wrapped.swift in Sources */,
				DBCD19C729E7217E0061E615 /* AddExerciseScreen.swift in Sources */,
				DBCD19C029E713430061E615 /* ExerciseListScreen.swift in Sources */,
				DBCD19CC29E754350061E615 /* AddTagsScreen.swift in Sources */,
				DBCD19BD29E50BD30061E615 /* DataController.swift in Sources */,
				DBCD19AE29E50B5A0061E615 /* ContentView.swift in Sources */,
				DBCD19AC29E50B5A0061E615 /* IronHitApp.swift in Sources */,
			);
			runOnlyForDeploymentPostprocessing = 0;
		};
/* End PBXSourcesBuildPhase section */

/* Begin XCBuildConfiguration section */
		DBCD19B429E50B5D0061E615 /* Debug */ = {
			isa = XCBuildConfiguration;
			buildSettings = {
				ALWAYS_SEARCH_USER_PATHS = NO;
				CLANG_ANALYZER_NONNULL = YES;
				CLANG_ANALYZER_NUMBER_OBJECT_CONVERSION = YES_AGGRESSIVE;
				CLANG_CXX_LANGUAGE_STANDARD = "gnu++20";
				CLANG_ENABLE_MODULES = YES;
				CLANG_ENABLE_OBJC_ARC = YES;
				CLANG_ENABLE_OBJC_WEAK = YES;
				CLANG_WARN_BLOCK_CAPTURE_AUTORELEASING = YES;
				CLANG_WARN_BOOL_CONVERSION = YES;
				CLANG_WARN_COMMA = YES;
				CLANG_WARN_CONSTANT_CONVERSION = YES;
				CLANG_WARN_DEPRECATED_OBJC_IMPLEMENTATIONS = YES;
				CLANG_WARN_DIRECT_OBJC_ISA_USAGE = YES_ERROR;
				CLANG_WARN_DOCUMENTATION_COMMENTS = YES;
				CLANG_WARN_EMPTY_BODY = YES;
				CLANG_WARN_ENUM_CONVERSION = YES;
				CLANG_WARN_INFINITE_RECURSION = YES;
				CLANG_WARN_INT_CONVERSION = YES;
				CLANG_WARN_NON_LITERAL_NULL_CONVERSION = YES;
				CLANG_WARN_OBJC_IMPLICIT_RETAIN_SELF = YES;
				CLANG_WARN_OBJC_LITERAL_CONVERSION = YES;
				CLANG_WARN_OBJC_ROOT_CLASS = YES_ERROR;
				CLANG_WARN_QUOTED_INCLUDE_IN_FRAMEWORK_HEADER = YES;
				CLANG_WARN_RANGE_LOOP_ANALYSIS = YES;
				CLANG_WARN_STRICT_PROTOTYPES = YES;
				CLANG_WARN_SUSPICIOUS_MOVE = YES;
				CLANG_WARN_UNGUARDED_AVAILABILITY = YES_AGGRESSIVE;
				CLANG_WARN_UNREACHABLE_CODE = YES;
				CLANG_WARN__DUPLICATE_METHOD_MATCH = YES;
				COPY_PHASE_STRIP = NO;
				DEBUG_INFORMATION_FORMAT = dwarf;
				ENABLE_STRICT_OBJC_MSGSEND = YES;
				ENABLE_TESTABILITY = YES;
				GCC_C_LANGUAGE_STANDARD = gnu11;
				GCC_DYNAMIC_NO_PIC = NO;
				GCC_NO_COMMON_BLOCKS = YES;
				GCC_OPTIMIZATION_LEVEL = 0;
				GCC_PREPROCESSOR_DEFINITIONS = (
					"DEBUG=1",
					"$(inherited)",
				);
				GCC_WARN_64_TO_32_BIT_CONVERSION = YES;
				GCC_WARN_ABOUT_RETURN_TYPE = YES_ERROR;
				GCC_WARN_UNDECLARED_SELECTOR = YES;
				GCC_WARN_UNINITIALIZED_AUTOS = YES_AGGRESSIVE;
				GCC_WARN_UNUSED_FUNCTION = YES;
				GCC_WARN_UNUSED_VARIABLE = YES;
				IPHONEOS_DEPLOYMENT_TARGET = 16.2;
				MTL_ENABLE_DEBUG_INFO = INCLUDE_SOURCE;
				MTL_FAST_MATH = YES;
				ONLY_ACTIVE_ARCH = YES;
				SDKROOT = iphoneos;
				SWIFT_ACTIVE_COMPILATION_CONDITIONS = DEBUG;
				SWIFT_OPTIMIZATION_LEVEL = "-Onone";
			};
			name = Debug;
		};
		DBCD19B529E50B5D0061E615 /* Release */ = {
			isa = XCBuildConfiguration;
			buildSettings = {
				ALWAYS_SEARCH_USER_PATHS = NO;
				CLANG_ANALYZER_NONNULL = YES;
				CLANG_ANALYZER_NUMBER_OBJECT_CONVERSION = YES_AGGRESSIVE;
				CLANG_CXX_LANGUAGE_STANDARD = "gnu++20";
				CLANG_ENABLE_MODULES = YES;
				CLANG_ENABLE_OBJC_ARC = YES;
				CLANG_ENABLE_OBJC_WEAK = YES;
				CLANG_WARN_BLOCK_CAPTURE_AUTORELEASING = YES;
				CLANG_WARN_BOOL_CONVERSION = YES;
				CLANG_WARN_COMMA = YES;
				CLANG_WARN_CONSTANT_CONVERSION = YES;
				CLANG_WARN_DEPRECATED_OBJC_IMPLEMENTATIONS = YES;
				CLANG_WARN_DIRECT_OBJC_ISA_USAGE = YES_ERROR;
				CLANG_WARN_DOCUMENTATION_COMMENTS = YES;
				CLANG_WARN_EMPTY_BODY = YES;
				CLANG_WARN_ENUM_CONVERSION = YES;
				CLANG_WARN_INFINITE_RECURSION = YES;
				CLANG_WARN_INT_CONVERSION = YES;
				CLANG_WARN_NON_LITERAL_NULL_CONVERSION = YES;
				CLANG_WARN_OBJC_IMPLICIT_RETAIN_SELF = YES;
				CLANG_WARN_OBJC_LITERAL_CONVERSION = YES;
				CLANG_WARN_OBJC_ROOT_CLASS = YES_ERROR;
				CLANG_WARN_QUOTED_INCLUDE_IN_FRAMEWORK_HEADER = YES;
				CLANG_WARN_RANGE_LOOP_ANALYSIS = YES;
				CLANG_WARN_STRICT_PROTOTYPES = YES;
				CLANG_WARN_SUSPICIOUS_MOVE = YES;
				CLANG_WARN_UNGUARDED_AVAILABILITY = YES_AGGRESSIVE;
				CLANG_WARN_UNREACHABLE_CODE = YES;
				CLANG_WARN__DUPLICATE_METHOD_MATCH = YES;
				COPY_PHASE_STRIP = NO;
				DEBUG_INFORMATION_FORMAT = "dwarf-with-dsym";
				ENABLE_NS_ASSERTIONS = NO;
				ENABLE_STRICT_OBJC_MSGSEND = YES;
				GCC_C_LANGUAGE_STANDARD = gnu11;
				GCC_NO_COMMON_BLOCKS = YES;
				GCC_WARN_64_TO_32_BIT_CONVERSION = YES;
				GCC_WARN_ABOUT_RETURN_TYPE = YES_ERROR;
				GCC_WARN_UNDECLARED_SELECTOR = YES;
				GCC_WARN_UNINITIALIZED_AUTOS = YES_AGGRESSIVE;
				GCC_WARN_UNUSED_FUNCTION = YES;
				GCC_WARN_UNUSED_VARIABLE = YES;
				IPHONEOS_DEPLOYMENT_TARGET = 16.2;
				MTL_ENABLE_DEBUG_INFO = NO;
				MTL_FAST_MATH = YES;
				SDKROOT = iphoneos;
				SWIFT_COMPILATION_MODE = wholemodule;
				SWIFT_OPTIMIZATION_LEVEL = "-O";
				VALIDATE_PRODUCT = YES;
			};
			name = Release;
		};
		DBCD19B729E50B5D0061E615 /* Debug */ = {
			isa = XCBuildConfiguration;
			buildSettings = {
				ASSETCATALOG_COMPILER_APPICON_NAME = AppIcon;
				ASSETCATALOG_COMPILER_GLOBAL_ACCENT_COLOR_NAME = AccentColor;
				CODE_SIGN_STYLE = Automatic;
				CURRENT_PROJECT_VERSION = 1;
				DEVELOPMENT_ASSET_PATHS = "\"IronHit/Preview Content\"";
				ENABLE_PREVIEWS = YES;
				GENERATE_INFOPLIST_FILE = YES;
				INFOPLIST_KEY_UIApplicationSceneManifest_Generation = YES;
				INFOPLIST_KEY_UIApplicationSupportsIndirectInputEvents = YES;
				INFOPLIST_KEY_UILaunchScreen_Generation = YES;
				INFOPLIST_KEY_UISupportedInterfaceOrientations_iPad = "UIInterfaceOrientationPortrait UIInterfaceOrientationPortraitUpsideDown UIInterfaceOrientationLandscapeLeft UIInterfaceOrientationLandscapeRight";
				INFOPLIST_KEY_UISupportedInterfaceOrientations_iPhone = "UIInterfaceOrientationPortrait UIInterfaceOrientationLandscapeLeft UIInterfaceOrientationLandscapeRight";
				LD_RUNPATH_SEARCH_PATHS = (
					"$(inherited)",
					"@executable_path/Frameworks",
				);
				MARKETING_VERSION = 1.0;
				PRODUCT_BUNDLE_IDENTIFIER = dev.clopez.IronHit;
				PRODUCT_NAME = "$(TARGET_NAME)";
				SWIFT_EMIT_LOC_STRINGS = YES;
				SWIFT_VERSION = 5.0;
				TARGETED_DEVICE_FAMILY = "1,2";
			};
			name = Debug;
		};
		DBCD19B829E50B5D0061E615 /* Release */ = {
			isa = XCBuildConfiguration;
			buildSettings = {
				ASSETCATALOG_COMPILER_APPICON_NAME = AppIcon;
				ASSETCATALOG_COMPILER_GLOBAL_ACCENT_COLOR_NAME = AccentColor;
				CODE_SIGN_STYLE = Automatic;
				CURRENT_PROJECT_VERSION = 1;
				DEVELOPMENT_ASSET_PATHS = "\"IronHit/Preview Content\"";
				ENABLE_PREVIEWS = YES;
				GENERATE_INFOPLIST_FILE = YES;
				INFOPLIST_KEY_UIApplicationSceneManifest_Generation = YES;
				INFOPLIST_KEY_UIApplicationSupportsIndirectInputEvents = YES;
				INFOPLIST_KEY_UILaunchScreen_Generation = YES;
				INFOPLIST_KEY_UISupportedInterfaceOrientations_iPad = "UIInterfaceOrientationPortrait UIInterfaceOrientationPortraitUpsideDown UIInterfaceOrientationLandscapeLeft UIInterfaceOrientationLandscapeRight";
				INFOPLIST_KEY_UISupportedInterfaceOrientations_iPhone = "UIInterfaceOrientationPortrait UIInterfaceOrientationLandscapeLeft UIInterfaceOrientationLandscapeRight";
				LD_RUNPATH_SEARCH_PATHS = (
					"$(inherited)",
					"@executable_path/Frameworks",
				);
				MARKETING_VERSION = 1.0;
				PRODUCT_BUNDLE_IDENTIFIER = dev.clopez.IronHit;
				PRODUCT_NAME = "$(TARGET_NAME)";
				SWIFT_EMIT_LOC_STRINGS = YES;
				SWIFT_VERSION = 5.0;
				TARGETED_DEVICE_FAMILY = "1,2";
			};
			name = Release;
		};
/* End XCBuildConfiguration section */

/* Begin XCConfigurationList section */
		DBCD19A329E50B5A0061E615 /* Build configuration list for PBXProject "IronHit" */ = {
			isa = XCConfigurationList;
			buildConfigurations = (
				DBCD19B429E50B5D0061E615 /* Debug */,
				DBCD19B529E50B5D0061E615 /* Release */,
			);
			defaultConfigurationIsVisible = 0;
			defaultConfigurationName = Release;
		};
		DBCD19B629E50B5D0061E615 /* Build configuration list for PBXNativeTarget "IronHit" */ = {
			isa = XCConfigurationList;
			buildConfigurations = (
				DBCD19B729E50B5D0061E615 /* Debug */,
				DBCD19B829E50B5D0061E615 /* Release */,
			);
			defaultConfigurationIsVisible = 0;
			defaultConfigurationName = Release;
		};
/* End XCConfigurationList section */

/* Begin XCVersionGroup section */
		DBCD19B929E50B7E0061E615 /* IronHit.xcdatamodeld */ = {
			isa = XCVersionGroup;
			children = (
				DBCD19BA29E50B7E0061E615 /* IronHit.xcdatamodel */,
			);
			currentVersion = DBCD19BA29E50B7E0061E615 /* IronHit.xcdatamodel */;
			path = IronHit.xcdatamodeld;
			sourceTree = "<group>";
			versionGroupType = wrapper.xcdatamodel;
		};
/* End XCVersionGroup section */
	};
	rootObject = DBCD19A029E50B5A0061E615 /* Project object */;
}
